PODS:
  - RichieSDK (201912.17)

DEPENDENCIES:
  - RichieSDK (= 201912.17)

SPEC REPOS:
  https://github.com/richiefi/richiesdk-ios.git:
    - RichieSDK

SPEC CHECKSUMS:
  RichieSDK: 1edc284b0d93c3708a4d025ab98face6c01ff11c

PODFILE CHECKSUM: bb23a8e6377765e6856914f440bc9ad85404eb29

COCOAPODS: 1.8.4
