PODS:
  - RichieEditionsSDK (202101.35)

DEPENDENCIES:
  - RichieEditionsSDK (= 202101.35)

SPEC REPOS:
  https://github.com/richiefi/richiesdk-ios.git:
    - RichieEditionsSDK

SPEC CHECKSUMS:
  RichieEditionsSDK: bc267633b8071532c797da8d3f5e1227eb87ba82

PODFILE CHECKSUM: 225a9f4ba692bc78781eae4e1b769324579000b1

COCOAPODS: 1.10.0
