PODS:
  - RichieSDK (201912.3)

DEPENDENCIES:
  - RichieSDK (= 201912.3)

SPEC REPOS:
  https://github.com/richiefi/richiesdk-ios.git:
    - RichieSDK

SPEC CHECKSUMS:
  RichieSDK: 21803206c18d066ed467fcef9a0f07a5614f4630

PODFILE CHECKSUM: af89ba59548b9bc83bd2b7ebc4379c37f67bdec3

COCOAPODS: 1.8.4
