{
  "originHash" : "0b0948d1905bba99ac2d1ef8361023352bfa5e6abeabbf478491197b2e99ffa0",
  "pins" : [
    {
      "identity" : "richiesdk-ios",
      "kind" : "remoteSourceControl",
      "location" : "https://github.com/richiefi/richiesdk-ios",
      "state" : {
        "revision" : "93e4cd586fcf815ceafbd058ea1bf12c56d4f76b",
        "version" : "202411.25.0"
      }
    }
  ],
  "version" : 3
}
