{
  "pins" : [
    {
      "identity" : "richiesdk-ios",
      "kind" : "remoteSourceControl",
      "location" : "https://github.com/richiefi/richiesdk-ios",
      "state" : {
        "revision" : "68871e4bfabf5903c9f64b89d328dedc58e219b4",
        "version" : "202301.0.0"
      }
    }
  ],
  "version" : 2
}
