{
  "originHash" : "0b0948d1905bba99ac2d1ef8361023352bfa5e6abeabbf478491197b2e99ffa0",
  "pins" : [
    {
      "identity" : "richiesdk-ios",
      "kind" : "remoteSourceControl",
      "location" : "https://github.com/richiefi/richiesdk-ios",
      "state" : {
        "revision" : "cd90c7ae34f3bd8d2cbf0c31dcd13df5690790cf",
        "version" : "202406.25.0"
      }
    }
  ],
  "version" : 3
}
